
Microsoft Visual Studio Solution File, Format Version 12.00
# Visual Studio Version 16
VisualStudioVersion = 16.0.30523.141
MinimumVisualStudioVersion = 10.0.40219.1
Project("{FAE04EC0-301F-11D3-BF4B-00C04F79EFBC}") = "AjaxInASPNETCore", "AjaxInASPNETCore\AjaxInASPNETCore.csproj", "{C19C3445-491A-4DC3-82EE-4E81D667737C}"
EndProject
Global
	GlobalSection(SolutionConfigurationPlatforms) = preSolution
		Debug|Any CPU = Debug|Any CPU
		Release|Any CPU = Release|Any CPU
	EndGlobalSection
	GlobalSection(ProjectConfigurationPlatforms) = postSolution
		{C19C3445-491A-4DC3-82EE-4E81D667737C}.Debug|Any CPU.ActiveCfg = Debug|Any CPU
		{C19C3445-491A-4DC3-82EE-4E81D667737C}.Debug|Any CPU.Build.0 = Debug|Any CPU
		{C19C3445-491A-4DC3-82EE-4E81D667737C}.Release|Any CPU.ActiveCfg = Release|Any CPU
		{C19C3445-491A-4DC3-82EE-4E81D667737C}.Release|Any CPU.Build.0 = Release|Any CPU
	EndGlobalSection
	GlobalSection(SolutionProperties) = preSolution
		HideSolutionNode = FALSE
	EndGlobalSection
	GlobalSection(ExtensibilityGlobals) = postSolution
		SolutionGuid = {D1A2522B-E04E-4ECB-9589-9ABA88648479}
	EndGlobalSection
EndGlobal
